
Microsoft Visual Studio Solution File, Format Version 12.00
# Visual Studio Version 17
VisualStudioVersion = 17.12.35514.174 d17.12
MinimumVisualStudioVersion = 10.0.40219.1
Project("{FAE04EC0-301F-11D3-BF4B-00C04F79EFBC}") = "TPFinal_Paniagua", "TPFinal_Paniagua\TPFinal_Paniagua.csproj", "{22540166-87DC-4233-B6DC-647CD633CA38}"
EndProject
Project("{FAE04EC0-301F-11D3-BF4B-00C04F79EFBC}") = "Dominio", "Dominio\Dominio.csproj", "{E24DAC2E-0E91-4530-99A8-176638796DE4}"
EndProject
Project("{FAE04EC0-301F-11D3-BF4B-00C04F79EFBC}") = "Manager", "Manager\Manager.csproj", "{B5F0926D-CE1D-43CF-B549-C793DBA5606A}"
EndProject
Global
	GlobalSection(SolutionConfigurationPlatforms) = preSolution
		Debug|Any CPU = Debug|Any CPU
		Release|Any CPU = Release|Any CPU
	EndGlobalSection
	GlobalSection(ProjectConfigurationPlatforms) = postSolution
		{22540166-87DC-4233-B6DC-647CD633CA38}.Debug|Any CPU.ActiveCfg = Debug|Any CPU
		{22540166-87DC-4233-B6DC-647CD633CA38}.Debug|Any CPU.Build.0 = Debug|Any CPU
		{22540166-87DC-4233-B6DC-647CD633CA38}.Release|Any CPU.ActiveCfg = Release|Any CPU
		{22540166-87DC-4233-B6DC-647CD633CA38}.Release|Any CPU.Build.0 = Release|Any CPU
		{E24DAC2E-0E91-4530-99A8-176638796DE4}.Debug|Any CPU.ActiveCfg = Debug|Any CPU
		{E24DAC2E-0E91-4530-99A8-176638796DE4}.Debug|Any CPU.Build.0 = Debug|Any CPU
		{E24DAC2E-0E91-4530-99A8-176638796DE4}.Release|Any CPU.ActiveCfg = Release|Any CPU
		{E24DAC2E-0E91-4530-99A8-176638796DE4}.Release|Any CPU.Build.0 = Release|Any CPU
		{B5F0926D-CE1D-43CF-B549-C793DBA5606A}.Debug|Any CPU.ActiveCfg = Debug|Any CPU
		{B5F0926D-CE1D-43CF-B549-C793DBA5606A}.Debug|Any CPU.Build.0 = Debug|Any CPU
		{B5F0926D-CE1D-43CF-B549-C793DBA5606A}.Release|Any CPU.ActiveCfg = Release|Any CPU
		{B5F0926D-CE1D-43CF-B549-C793DBA5606A}.Release|Any CPU.Build.0 = Release|Any CPU
	EndGlobalSection
	GlobalSection(SolutionProperties) = preSolution
		HideSolutionNode = FALSE
	EndGlobalSection
EndGlobal
